{
  "name": "@sidler289-code/cross-harness-review",
  "version": "0.2.0-dev",
  "lockfileVersion": 3,
  "requires": true,
  "packages": {
    "": {
      "name": "@sidler289-code/cross-harness-review",
      "version": "0.2.0-dev",
      "license": "MIT",
      "bin": {
        "cross-harness-review": "bin/cross-harness-review.cjs"
      },
      "engines": {
        "node": ">=20"
      }
    }
  }
}
